
Microsoft Visual Studio Solution File, Format Version 12.00
# Visual Studio Version 17
VisualStudioVersion = 17.6.33829.357
MinimumVisualStudioVersion = 10.0.40219.1
Project("{FAE04EC0-301F-11D3-BF4B-00C04F79EFBC}") = "TagSelectedViews", "TagSelectedViews\TagSelectedViews.csproj", "{5D755136-C4A4-49A6-9DF7-CBCF1DC3C5D1}"
EndProject
Global
	GlobalSection(SolutionConfigurationPlatforms) = preSolution
		Debug|Any CPU = Debug|Any CPU
		Release|Any CPU = Release|Any CPU
	EndGlobalSection
	GlobalSection(ProjectConfigurationPlatforms) = postSolution
		{5D755136-C4A4-49A6-9DF7-CBCF1DC3C5D1}.Debug|Any CPU.ActiveCfg = Debug|Any CPU
		{5D755136-C4A4-49A6-9DF7-CBCF1DC3C5D1}.Debug|Any CPU.Build.0 = Debug|Any CPU
		{5D755136-C4A4-49A6-9DF7-CBCF1DC3C5D1}.Release|Any CPU.ActiveCfg = Release|Any CPU
		{5D755136-C4A4-49A6-9DF7-CBCF1DC3C5D1}.Release|Any CPU.Build.0 = Release|Any CPU
	EndGlobalSection
	GlobalSection(SolutionProperties) = preSolution
		HideSolutionNode = FALSE
	EndGlobalSection
	GlobalSection(ExtensibilityGlobals) = postSolution
		SolutionGuid = {91662CAA-1AA8-4E75-8306-4209ADAF8CF0}
	EndGlobalSection
EndGlobal
